
Microsoft Visual Studio Solution File, Format Version 12.00
# Visual Studio 2012
Project("{FAE04EC0-301F-11D3-BF4B-00C04F79EFBC}") = "Wki.EventSourcing", "Wki.EventSourcing\Wki.EventSourcing.csproj", "{041C375E-55DC-4E76-9010-D6F9A0D0300D}"
EndProject
Project("{FAE04EC0-301F-11D3-BF4B-00C04F79EFBC}") = "Wki.EventSourcing.Tests", "Wki.EventSourcing.Tests\Wki.EventSourcing.Tests.csproj", "{6C7B3BA9-73FE-4A08-BDC7-20991286B078}"
EndProject
Project("{FAE04EC0-301F-11D3-BF4B-00C04F79EFBC}") = "Designer.Domain", "Designer.Domain\Designer.Domain.csproj", "{718E17E5-802C-4B18-AC57-AB2CE51BBA52}"
EndProject
Project("{FAE04EC0-301F-11D3-BF4B-00C04F79EFBC}") = "Designer.Domain.Tests", "Designer.Domain.Tests\Designer.Domain.Tests.csproj", "{ABA94890-4389-4FA8-A3DF-754130CFA1F0}"
EndProject
Global
	GlobalSection(SolutionConfigurationPlatforms) = preSolution
		Debug|Any CPU = Debug|Any CPU
		Release|Any CPU = Release|Any CPU
	EndGlobalSection
	GlobalSection(ProjectConfigurationPlatforms) = postSolution
		{041C375E-55DC-4E76-9010-D6F9A0D0300D}.Debug|Any CPU.ActiveCfg = Debug|Any CPU
		{041C375E-55DC-4E76-9010-D6F9A0D0300D}.Debug|Any CPU.Build.0 = Debug|Any CPU
		{041C375E-55DC-4E76-9010-D6F9A0D0300D}.Release|Any CPU.ActiveCfg = Release|Any CPU
		{041C375E-55DC-4E76-9010-D6F9A0D0300D}.Release|Any CPU.Build.0 = Release|Any CPU
		{6C7B3BA9-73FE-4A08-BDC7-20991286B078}.Debug|Any CPU.ActiveCfg = Debug|Any CPU
		{6C7B3BA9-73FE-4A08-BDC7-20991286B078}.Debug|Any CPU.Build.0 = Debug|Any CPU
		{6C7B3BA9-73FE-4A08-BDC7-20991286B078}.Release|Any CPU.ActiveCfg = Release|Any CPU
		{6C7B3BA9-73FE-4A08-BDC7-20991286B078}.Release|Any CPU.Build.0 = Release|Any CPU
		{718E17E5-802C-4B18-AC57-AB2CE51BBA52}.Debug|Any CPU.ActiveCfg = Debug|Any CPU
		{718E17E5-802C-4B18-AC57-AB2CE51BBA52}.Debug|Any CPU.Build.0 = Debug|Any CPU
		{718E17E5-802C-4B18-AC57-AB2CE51BBA52}.Release|Any CPU.ActiveCfg = Release|Any CPU
		{718E17E5-802C-4B18-AC57-AB2CE51BBA52}.Release|Any CPU.Build.0 = Release|Any CPU
		{ABA94890-4389-4FA8-A3DF-754130CFA1F0}.Debug|Any CPU.ActiveCfg = Debug|Any CPU
		{ABA94890-4389-4FA8-A3DF-754130CFA1F0}.Debug|Any CPU.Build.0 = Debug|Any CPU
		{ABA94890-4389-4FA8-A3DF-754130CFA1F0}.Release|Any CPU.ActiveCfg = Release|Any CPU
		{ABA94890-4389-4FA8-A3DF-754130CFA1F0}.Release|Any CPU.Build.0 = Release|Any CPU
	EndGlobalSection
EndGlobal
